<Solution>
  <Folder Name="/solution-items/">
    <File Path=".gitattributes" />
    <File Path=".gitignore" />
    <File Path="Directory.Build.props" />
    <File Path="Directory.Packages.props" />
    <File Path="exclusion.dic" />
    <File Path="LICENSE.txt" />
    <File Path="README.md" />
  </Folder>
  <Folder Name="/src/">
    <Project Path="src/CoreDX.Serilog.Extensions.Configuration/CoreDX.Serilog.Extensions.Configuration.csproj" />
    <Project Path="src/CoreDX.Serilog.Extensions/CoreDX.Serilog.Extensions.csproj" />
    <Project Path="src/CoreDX.Serilog.Sinks.EntityFrameworkCore.Models/CoreDX.Serilog.Sinks.EntityFrameworkCore.Models.csproj" />
    <Project Path="src/CoreDX.Serilog.Sinks.EntityFrameworkCore/CoreDX.Serilog.Sinks.EntityFrameworkCore.csproj" />
  </Folder>
</Solution>
